// !$*UTF8*$!
{
	archiveVersion = 1;
	classes = {
	};
	objectVersion = 46;
	objects = {

/* Begin PBXBuildFile section */
		8B354E8C1BF73D5700AEBC63 /* AppDelegate.swift in Sources */ = {isa = PBXBuildFile; fileRef = 8B354E8B1BF73D5700AEBC63 /* AppDelegate.swift */; };
		8B354E8E1BF73D5700AEBC63 /* ViewController.swift in Sources */ = {isa = PBXBuildFile; fileRef = 8B354E8D1BF73D5700AEBC63 /* ViewController.swift */; };
		8B354E911BF73D5700AEBC63 /* Main.storyboard in Resources */ = {isa = PBXBuildFile; fileRef = 8B354E8F1BF73D5700AEBC63 /* Main.storyboard */; };
		8B354E931BF73D5700AEBC63 /* Assets.xcassets in Resources */ = {isa = PBXBuildFile; fileRef = 8B354E921BF73D5700AEBC63 /* Assets.xcassets */; };
		8B354E961BF73D5700AEBC63 /* LaunchScreen.storyboard in Resources */ = {isa = PBXBuildFile; fileRef = 8B354E941BF73D5700AEBC63 /* LaunchScreen.storyboard */; };
		8B354E9B1BF73D5700AEBC63 /* AWPizza WatchKit App.app in Embed Watch Content */ = {isa = PBXBuildFile; fileRef = 8B354E9A1BF73D5700AEBC63 /* AWPizza WatchKit App.app */; };
		8B354EA11BF73D5700AEBC63 /* Interface.storyboard in Resources */ = {isa = PBXBuildFile; fileRef = 8B354E9F1BF73D5700AEBC63 /* Interface.storyboard */; };
		8B354EA31BF73D5700AEBC63 /* Assets.xcassets in Resources */ = {isa = PBXBuildFile; fileRef = 8B354EA21BF73D5700AEBC63 /* Assets.xcassets */; };
		8B354EAA1BF73D5700AEBC63 /* AWPizza WatchKit Extension.appex in Embed App Extensions */ = {isa = PBXBuildFile; fileRef = 8B354EA91BF73D5700AEBC63 /* AWPizza WatchKit Extension.appex */; settings = {ATTRIBUTES = (RemoveHeadersOnCopy, ); }; };
		8B354EAF1BF73D5700AEBC63 /* InterfaceController.swift in Sources */ = {isa = PBXBuildFile; fileRef = 8B354EAE1BF73D5700AEBC63 /* InterfaceController.swift */; };
		8B354EB11BF73D5700AEBC63 /* ExtensionDelegate.swift in Sources */ = {isa = PBXBuildFile; fileRef = 8B354EB01BF73D5700AEBC63 /* ExtensionDelegate.swift */; };
		8B354EB31BF73D5700AEBC63 /* Assets.xcassets in Resources */ = {isa = PBXBuildFile; fileRef = 8B354EB21BF73D5700AEBC63 /* Assets.xcassets */; };
		8B354EC31BF73DBF00AEBC63 /* Panucci.gif in Resources */ = {isa = PBXBuildFile; fileRef = 8B354EC21BF73DBF00AEBC63 /* Panucci.gif */; };
		8B354EC51BF7418100AEBC63 /* TamañoInterfaceController.swift in Sources */ = {isa = PBXBuildFile; fileRef = 8B354EC41BF7418100AEBC63 /* TamañoInterfaceController.swift */; };
		8B354EC71BF7494600AEBC63 /* MasaInterfaceController.swift in Sources */ = {isa = PBXBuildFile; fileRef = 8B354EC61BF7494600AEBC63 /* MasaInterfaceController.swift */; };
		8B354EC91BF7532900AEBC63 /* QuesoInterfaceController.swift in Sources */ = {isa = PBXBuildFile; fileRef = 8B354EC81BF7532900AEBC63 /* QuesoInterfaceController.swift */; };
		8B354ECB1BF7659B00AEBC63 /* IngredientesInterfaceController.swift in Sources */ = {isa = PBXBuildFile; fileRef = 8B354ECA1BF7659B00AEBC63 /* IngredientesInterfaceController.swift */; };
		8B354ECD1BF8950A00AEBC63 /* Datos.swift in Sources */ = {isa = PBXBuildFile; fileRef = 8B354ECC1BF8950A00AEBC63 /* Datos.swift */; };
		8B3DDF6B1BF8D78E0072EABC /* ConfirmarInterfaceController.swift in Sources */ = {isa = PBXBuildFile; fileRef = 8B3DDF6A1BF8D78E0072EABC /* ConfirmarInterfaceController.swift */; };
		8B3DDF6D1BF8DFFF0072EABC /* Panuccipizza.png in Resources */ = {isa = PBXBuildFile; fileRef = 8B3DDF6C1BF8DFFF0072EABC /* Panuccipizza.png */; };
/* End PBXBuildFile section */

/* Begin PBXContainerItemProxy section */
		8B354E9C1BF73D5700AEBC63 /* PBXContainerItemProxy */ = {
			isa = PBXContainerItemProxy;
			containerPortal = 8B354E801BF73D5700AEBC63 /* Project object */;
			proxyType = 1;
			remoteGlobalIDString = 8B354E991BF73D5700AEBC63;
			remoteInfo = "AWPizza WatchKit App";
		};
		8B354EAB1BF73D5700AEBC63 /* PBXContainerItemProxy */ = {
			isa = PBXContainerItemProxy;
			containerPortal = 8B354E801BF73D5700AEBC63 /* Project object */;
			proxyType = 1;
			remoteGlobalIDString = 8B354EA81BF73D5700AEBC63;
			remoteInfo = "AWPizza WatchKit Extension";
		};
/* End PBXContainerItemProxy section */

/* Begin PBXCopyFilesBuildPhase section */
		8B354EBA1BF73D5700AEBC63 /* Embed App Extensions */ = {
			isa = PBXCopyFilesBuildPhase;
			buildActionMask = 2147483647;
			dstPath = "";
			dstSubfolderSpec = 13;
			files = (
				8B354EAA1BF73D5700AEBC63 /* AWPizza WatchKit Extension.appex in Embed App Extensions */,
			);
			name = "Embed App Extensions";
			runOnlyForDeploymentPostprocessing = 0;
		};
		8B354EBE1BF73D5700AEBC63 /* Embed Watch Content */ = {
			isa = PBXCopyFilesBuildPhase;
			buildActionMask = 2147483647;
			dstPath = "$(CONTENTS_FOLDER_PATH)/Watch";
			dstSubfolderSpec = 16;
			files = (
				8B354E9B1BF73D5700AEBC63 /* AWPizza WatchKit App.app in Embed Watch Content */,
			);
			name = "Embed Watch Content";
			runOnlyForDeploymentPostprocessing = 0;
		};
/* End PBXCopyFilesBuildPhase section */

/* Begin PBXFileReference section */
		8B354E881BF73D5700AEBC63 /* AWPizza.app */ = {isa = PBXFileReference; explicitFileType = wrapper.application; includeInIndex = 0; path = AWPizza.app; sourceTree = BUILT_PRODUCTS_DIR; };
		8B354E8B1BF73D5700AEBC63 /* AppDelegate.swift */ = {isa = PBXFileReference; lastKnownFileType = sourcecode.swift; path = AppDelegate.swift; sourceTree = "<group>"; };
		8B354E8D1BF73D5700AEBC63 /* ViewController.swift */ = {isa = PBXFileReference; lastKnownFileType = sourcecode.swift; path = ViewController.swift; sourceTree = "<group>"; };
		8B354E901BF73D5700AEBC63 /* Base */ = {isa = PBXFileReference; lastKnownFileType = file.storyboard; name = Base; path = Base.lproj/Main.storyboard; sourceTree = "<group>"; };
		8B354E921BF73D5700AEBC63 /* Assets.xcassets */ = {isa = PBXFileReference; lastKnownFileType = folder.assetcatalog; path = Assets.xcassets; sourceTree = "<group>"; };
		8B354E951BF73D5700AEBC63 /* Base */ = {isa = PBXFileReference; lastKnownFileType = file.storyboard; name = Base; path = Base.lproj/LaunchScreen.storyboard; sourceTree = "<group>"; };
		8B354E971BF73D5700AEBC63 /* Info.plist */ = {isa = PBXFileReference; lastKnownFileType = text.plist.xml; path = Info.plist; sourceTree = "<group>"; };
		8B354E9A1BF73D5700AEBC63 /* AWPizza WatchKit App.app */ = {isa = PBXFileReference; explicitFileType = wrapper.application; includeInIndex = 0; path = "AWPizza WatchKit App.app"; sourceTree = BUILT_PRODUCTS_DIR; };
		8B354EA01BF73D5700AEBC63 /* Base */ = {isa = PBXFileReference; lastKnownFileType = file.storyboard; name = Base; path = Base.lproj/Interface.storyboard; sourceTree = "<group>"; };
		8B354EA21BF73D5700AEBC63 /* Assets.xcassets */ = {isa = PBXFileReference; lastKnownFileType = folder.assetcatalog; path = Assets.xcassets; sourceTree = "<group>"; };
		8B354EA41BF73D5700AEBC63 /* Info.plist */ = {isa = PBXFileReference; lastKnownFileType = text.plist.xml; path = Info.plist; sourceTree = "<group>"; };
		8B354EA91BF73D5700AEBC63 /* AWPizza WatchKit Extension.appex */ = {isa = PBXFileReference; explicitFileType = "wrapper.app-extension"; includeInIndex = 0; path = "AWPizza WatchKit Extension.appex"; sourceTree = BUILT_PRODUCTS_DIR; };
		8B354EAE1BF73D5700AEBC63 /* InterfaceController.swift */ = {isa = PBXFileReference; lastKnownFileType = sourcecode.swift; path = InterfaceController.swift; sourceTree = "<group>"; };
		8B354EB01BF73D5700AEBC63 /* ExtensionDelegate.swift */ = {isa = PBXFileReference; lastKnownFileType = sourcecode.swift; path = ExtensionDelegate.swift; sourceTree = "<group>"; };
		8B354EB21BF73D5700AEBC63 /* Assets.xcassets */ = {isa = PBXFileReference; lastKnownFileType = folder.assetcatalog; path = Assets.xcassets; sourceTree = "<group>"; };
		8B354EB41BF73D5700AEBC63 /* Info.plist */ = {isa = PBXFileReference; lastKnownFileType = text.plist.xml; path = Info.plist; sourceTree = "<group>"; };
		8B354EC21BF73DBF00AEBC63 /* Panucci.gif */ = {isa = PBXFileReference; lastKnownFileType = image.gif; path = Panucci.gif; sourceTree = "<group>"; };
		8B354EC41BF7418100AEBC63 /* TamañoInterfaceController.swift */ = {isa = PBXFileReference; fileEncoding = 4; lastKnownFileType = sourcecode.swift; path = "TamañoInterfaceController.swift"; sourceTree = "<group>"; };
		8B354EC61BF7494600AEBC63 /* MasaInterfaceController.swift */ = {isa = PBXFileReference; fileEncoding = 4; lastKnownFileType = sourcecode.swift; path = MasaInterfaceController.swift; sourceTree = "<group>"; };
		8B354EC81BF7532900AEBC63 /* QuesoInterfaceController.swift */ = {isa = PBXFileReference; fileEncoding = 4; lastKnownFileType = sourcecode.swift; path = QuesoInterfaceController.swift; sourceTree = "<group>"; };
		8B354ECA1BF7659B00AEBC63 /* IngredientesInterfaceController.swift */ = {isa = PBXFileReference; fileEncoding = 4; lastKnownFileType = sourcecode.swift; path = IngredientesInterfaceController.swift; sourceTree = "<group>"; };
		8B354ECC1BF8950A00AEBC63 /* Datos.swift */ = {isa = PBXFileReference; fileEncoding = 4; lastKnownFileType = sourcecode.swift; path = Datos.swift; sourceTree = "<group>"; };
		8B3DDF6A1BF8D78E0072EABC /* ConfirmarInterfaceController.swift */ = {isa = PBXFileReference; fileEncoding = 4; lastKnownFileType = sourcecode.swift; path = ConfirmarInterfaceController.swift; sourceTree = "<group>"; };
		8B3DDF6C1BF8DFFF0072EABC /* Panuccipizza.png */ = {isa = PBXFileReference; lastKnownFileType = image.png; path = Panuccipizza.png; sourceTree = "<group>"; };
/* End PBXFileReference section */

/* Begin PBXFrameworksBuildPhase section */
		8B354E851BF73D5700AEBC63 /* Frameworks */ = {
			isa = PBXFrameworksBuildPhase;
			buildActionMask = 2147483647;
			files = (
			);
			runOnlyForDeploymentPostprocessing = 0;
		};
		8B354EA61BF73D5700AEBC63 /* Frameworks */ = {
			isa = PBXFrameworksBuildPhase;
			buildActionMask = 2147483647;
			files = (
			);
			runOnlyForDeploymentPostprocessing = 0;
		};
/* End PBXFrameworksBuildPhase section */

/* Begin PBXGroup section */
		8B354E7F1BF73D5700AEBC63 = {
			isa = PBXGroup;
			children = (
				8B354E8A1BF73D5700AEBC63 /* AWPizza */,
				8B354E9E1BF73D5700AEBC63 /* AWPizza WatchKit App */,
				8B354EAD1BF73D5700AEBC63 /* AWPizza WatchKit Extension */,
				8B354E891BF73D5700AEBC63 /* Products */,
			);
			sourceTree = "<group>";
		};
		8B354E891BF73D5700AEBC63 /* Products */ = {
			isa = PBXGroup;
			children = (
				8B354E881BF73D5700AEBC63 /* AWPizza.app */,
				8B354E9A1BF73D5700AEBC63 /* AWPizza WatchKit App.app */,
				8B354EA91BF73D5700AEBC63 /* AWPizza WatchKit Extension.appex */,
			);
			name = Products;
			sourceTree = "<group>";
		};
		8B354E8A1BF73D5700AEBC63 /* AWPizza */ = {
			isa = PBXGroup;
			children = (
				8B354E8B1BF73D5700AEBC63 /* AppDelegate.swift */,
				8B354E8D1BF73D5700AEBC63 /* ViewController.swift */,
				8B354E8F1BF73D5700AEBC63 /* Main.storyboard */,
				8B354E921BF73D5700AEBC63 /* Assets.xcassets */,
				8B354E941BF73D5700AEBC63 /* LaunchScreen.storyboard */,
				8B354E971BF73D5700AEBC63 /* Info.plist */,
			);
			path = AWPizza;
			sourceTree = "<group>";
		};
		8B354E9E1BF73D5700AEBC63 /* AWPizza WatchKit App */ = {
			isa = PBXGroup;
			children = (
				8B354E9F1BF73D5700AEBC63 /* Interface.storyboard */,
				8B354EA21BF73D5700AEBC63 /* Assets.xcassets */,
				8B354EC21BF73DBF00AEBC63 /* Panucci.gif */,
				8B3DDF6C1BF8DFFF0072EABC /* Panuccipizza.png */,
				8B354EA41BF73D5700AEBC63 /* Info.plist */,
			);
			path = "AWPizza WatchKit App";
			sourceTree = "<group>";
		};
		8B354EAD1BF73D5700AEBC63 /* AWPizza WatchKit Extension */ = {
			isa = PBXGroup;
			children = (
				8B354EAE1BF73D5700AEBC63 /* InterfaceController.swift */,
				8B354EC41BF7418100AEBC63 /* TamañoInterfaceController.swift */,
				8B354EC61BF7494600AEBC63 /* MasaInterfaceController.swift */,
				8B354EC81BF7532900AEBC63 /* QuesoInterfaceController.swift */,
				8B354ECA1BF7659B00AEBC63 /* IngredientesInterfaceController.swift */,
				8B3DDF6A1BF8D78E0072EABC /* ConfirmarInterfaceController.swift */,
				8B354EB01BF73D5700AEBC63 /* ExtensionDelegate.swift */,
				8B354EB21BF73D5700AEBC63 /* Assets.xcassets */,
				8B354EB41BF73D5700AEBC63 /* Info.plist */,
				8B354ECC1BF8950A00AEBC63 /* Datos.swift */,
			);
			path = "AWPizza WatchKit Extension";
			sourceTree = "<group>";
		};
/* End PBXGroup section */

/* Begin PBXNativeTarget section */
		8B354E871BF73D5700AEBC63 /* AWPizza */ = {
			isa = PBXNativeTarget;
			buildConfigurationList = 8B354EBF1BF73D5700AEBC63 /* Build configuration list for PBXNativeTarget "AWPizza" */;
			buildPhases = (
				8B354E841BF73D5700AEBC63 /* Sources */,
				8B354E851BF73D5700AEBC63 /* Frameworks */,
				8B354E861BF73D5700AEBC63 /* Resources */,
				8B354EBE1BF73D5700AEBC63 /* Embed Watch Content */,
			);
			buildRules = (
			);
			dependencies = (
				8B354E9D1BF73D5700AEBC63 /* PBXTargetDependency */,
			);
			name = AWPizza;
			productName = AWPizza;
			productReference = 8B354E881BF73D5700AEBC63 /* AWPizza.app */;
			productType = "com.apple.product-type.application";
		};
		8B354E991BF73D5700AEBC63 /* AWPizza WatchKit App */ = {
			isa = PBXNativeTarget;
			buildConfigurationList = 8B354EBB1BF73D5700AEBC63 /* Build configuration list for PBXNativeTarget "AWPizza WatchKit App" */;
			buildPhases = (
				8B354E981BF73D5700AEBC63 /* Resources */,
				8B354EBA1BF73D5700AEBC63 /* Embed App Extensions */,
			);
			buildRules = (
			);
			dependencies = (
				8B354EAC1BF73D5700AEBC63 /* PBXTargetDependency */,
			);
			name = "AWPizza WatchKit App";
			productName = "AWPizza WatchKit App";
			productReference = 8B354E9A1BF73D5700AEBC63 /* AWPizza WatchKit App.app */;
			productType = "com.apple.product-type.application.watchapp2";
		};
		8B354EA81BF73D5700AEBC63 /* AWPizza WatchKit Extension */ = {
			isa = PBXNativeTarget;
			buildConfigurationList = 8B354EB71BF73D5700AEBC63 /* Build configuration list for PBXNativeTarget "AWPizza WatchKit Extension" */;
			buildPhases = (
				8B354EA51BF73D5700AEBC63 /* Sources */,
				8B354EA61BF73D5700AEBC63 /* Frameworks */,
				8B354EA71BF73D5700AEBC63 /* Resources */,
			);
			buildRules = (
			);
			dependencies = (
			);
			name = "AWPizza WatchKit Extension";
			productName = "AWPizza WatchKit Extension";
			productReference = 8B354EA91BF73D5700AEBC63 /* AWPizza WatchKit Extension.appex */;
			productType = "com.apple.product-type.watchkit2-extension";
		};
/* End PBXNativeTarget section */

/* Begin PBXProject section */
		8B354E801BF73D5700AEBC63 /* Project object */ = {
			isa = PBXProject;
			attributes = {
				LastSwiftUpdateCheck = 0710;
				LastUpgradeCheck = 0710;
				ORGANIZATIONNAME = "Danilo Adriano Gallardo";
				TargetAttributes = {
					8B354E871BF73D5700AEBC63 = {
						CreatedOnToolsVersion = 7.1.1;
						DevelopmentTeam = 793PSV7L64;
					};
					8B354E991BF73D5700AEBC63 = {
						CreatedOnToolsVersion = 7.1.1;
						DevelopmentTeam = 793PSV7L64;
					};
					8B354EA81BF73D5700AEBC63 = {
						CreatedOnToolsVersion = 7.1.1;
						DevelopmentTeam = 793PSV7L64;
					};
				};
			};
			buildConfigurationList = 8B354E831BF73D5700AEBC63 /* Build configuration list for PBXProject "AWPizza" */;
			compatibilityVersion = "Xcode 3.2";
			developmentRegion = English;
			hasScannedForEncodings = 0;
			knownRegions = (
				en,
				Base,
			);
			mainGroup = 8B354E7F1BF73D5700AEBC63;
			productRefGroup = 8B354E891BF73D5700AEBC63 /* Products */;
			projectDirPath = "";
			projectRoot = "";
			targets = (
				8B354E871BF73D5700AEBC63 /* AWPizza */,
				8B354E991BF73D5700AEBC63 /* AWPizza WatchKit App */,
				8B354EA81BF73D5700AEBC63 /* AWPizza WatchKit Extension */,
			);
		};
/* End PBXProject section */

/* Begin PBXResourcesBuildPhase section */
		8B354E861BF73D5700AEBC63 /* Resources */ = {
			isa = PBXResourcesBuildPhase;
			buildActionMask = 2147483647;
			files = (
				8B354E961BF73D5700AEBC63 /* LaunchScreen.storyboard in Resources */,
				8B354E931BF73D5700AEBC63 /* Assets.xcassets in Resources */,
				8B354E911BF73D5700AEBC63 /* Main.storyboard in Resources */,
			);
			runOnlyForDeploymentPostprocessing = 0;
		};
		8B354E981BF73D5700AEBC63 /* Resources */ = {
			isa = PBXResourcesBuildPhase;
			buildActionMask = 2147483647;
			files = (
				8B3DDF6D1BF8DFFF0072EABC /* Panuccipizza.png in Resources */,
				8B354EC31BF73DBF00AEBC63 /* Panucci.gif in Resources */,
				8B354EA31BF73D5700AEBC63 /* Assets.xcassets in Resources */,
				8B354EA11BF73D5700AEBC63 /* Interface.storyboard in Resources */,
			);
			runOnlyForDeploymentPostprocessing = 0;
		};
		8B354EA71BF73D5700AEBC63 /* Resources */ = {
			isa = PBXResourcesBuildPhase;
			buildActionMask = 2147483647;
			files = (
				8B354EB31BF73D5700AEBC63 /* Assets.xcassets in Resources */,
			);
			runOnlyForDeploymentPostprocessing = 0;
		};
/* End PBXResourcesBuildPhase section */

/* Begin PBXSourcesBuildPhase section */
		8B354E841BF73D5700AEBC63 /* Sources */ = {
			isa = PBXSourcesBuildPhase;
			buildActionMask = 2147483647;
			files = (
				8B354E8E1BF73D5700AEBC63 /* ViewController.swift in Sources */,
				8B354E8C1BF73D5700AEBC63 /* AppDelegate.swift in Sources */,
			);
			runOnlyForDeploymentPostprocessing = 0;
		};
		8B354EA51BF73D5700AEBC63 /* Sources */ = {
			isa = PBXSourcesBuildPhase;
			buildActionMask = 2147483647;
			files = (
				8B354ECB1BF7659B00AEBC63 /* IngredientesInterfaceController.swift in Sources */,
				8B354EC91BF7532900AEBC63 /* QuesoInterfaceController.swift in Sources */,
				8B354EC51BF7418100AEBC63 /* TamañoInterfaceController.swift in Sources */,
				8B354EB11BF73D5700AEBC63 /* ExtensionDelegate.swift in Sources */,
				8B354ECD1BF8950A00AEBC63 /* Datos.swift in Sources */,
				8B354EAF1BF73D5700AEBC63 /* InterfaceController.swift in Sources */,
				8B354EC71BF7494600AEBC63 /* MasaInterfaceController.swift in Sources */,
				8B3DDF6B1BF8D78E0072EABC /* ConfirmarInterfaceController.swift in Sources */,
			);
			runOnlyForDeploymentPostprocessing = 0;
		};
/* End PBXSourcesBuildPhase section */

/* Begin PBXTargetDependency section */
		8B354E9D1BF73D5700AEBC63 /* PBXTargetDependency */ = {
			isa = PBXTargetDependency;
			target = 8B354E991BF73D5700AEBC63 /* AWPizza WatchKit App */;
			targetProxy = 8B354E9C1BF73D5700AEBC63 /* PBXContainerItemProxy */;
		};
		8B354EAC1BF73D5700AEBC63 /* PBXTargetDependency */ = {
			isa = PBXTargetDependency;
			target = 8B354EA81BF73D5700AEBC63 /* AWPizza WatchKit Extension */;
			targetProxy = 8B354EAB1BF73D5700AEBC63 /* PBXContainerItemProxy */;
		};
/* End PBXTargetDependency section */

/* Begin PBXVariantGroup section */
		8B354E8F1BF73D5700AEBC63 /* Main.storyboard */ = {
			isa = PBXVariantGroup;
			children = (
				8B354E901BF73D5700AEBC63 /* Base */,
			);
			name = Main.storyboard;
			sourceTree = "<group>";
		};
		8B354E941BF73D5700AEBC63 /* LaunchScreen.storyboard */ = {
			isa = PBXVariantGroup;
			children = (
				8B354E951BF73D5700AEBC63 /* Base */,
			);
			name = LaunchScreen.storyboard;
			sourceTree = "<group>";
		};
		8B354E9F1BF73D5700AEBC63 /* Interface.storyboard */ = {
			isa = PBXVariantGroup;
			children = (
				8B354EA01BF73D5700AEBC63 /* Base */,
			);
			name = Interface.storyboard;
			sourceTree = "<group>";
		};
/* End PBXVariantGroup section */

/* Begin XCBuildConfiguration section */
		8B354EB51BF73D5700AEBC63 /* Debug */ = {
			isa = XCBuildConfiguration;
			buildSettings = {
				ALWAYS_SEARCH_USER_PATHS = NO;
				CLANG_CXX_LANGUAGE_STANDARD = "gnu++0x";
				CLANG_CXX_LIBRARY = "libc++";
				CLANG_ENABLE_MODULES = YES;
				CLANG_ENABLE_OBJC_ARC = YES;
				CLANG_WARN_BOOL_CONVERSION = YES;
				CLANG_WARN_CONSTANT_CONVERSION = YES;
				CLANG_WARN_DIRECT_OBJC_ISA_USAGE = YES_ERROR;
				CLANG_WARN_EMPTY_BODY = YES;
				CLANG_WARN_ENUM_CONVERSION = YES;
				CLANG_WARN_INT_CONVERSION = YES;
				CLANG_WARN_OBJC_ROOT_CLASS = YES_ERROR;
				CLANG_WARN_UNREACHABLE_CODE = YES;
				CLANG_WARN__DUPLICATE_METHOD_MATCH = YES;
				"CODE_SIGN_IDENTITY[sdk=iphoneos*]" = "iPhone Developer";
				COPY_PHASE_STRIP = NO;
				DEBUG_INFORMATION_FORMAT = dwarf;
				ENABLE_STRICT_OBJC_MSGSEND = YES;
				ENABLE_TESTABILITY = YES;
				GCC_C_LANGUAGE_STANDARD = gnu99;
				GCC_DYNAMIC_NO_PIC = NO;
				GCC_NO_COMMON_BLOCKS = YES;
				GCC_OPTIMIZATION_LEVEL = 0;
				GCC_PREPROCESSOR_DEFINITIONS = (
					"DEBUG=1",
					"$(inherited)",
				);
				GCC_WARN_64_TO_32_BIT_CONVERSION = YES;
				GCC_WARN_ABOUT_RETURN_TYPE = YES_ERROR;
				GCC_WARN_UNDECLARED_SELECTOR = YES;
				GCC_WARN_UNINITIALIZED_AUTOS = YES_AGGRESSIVE;
				GCC_WARN_UNUSED_FUNCTION = YES;
				GCC_WARN_UNUSED_VARIABLE = YES;
				IPHONEOS_DEPLOYMENT_TARGET = 9.1;
				MTL_ENABLE_DEBUG_INFO = YES;
				ONLY_ACTIVE_ARCH = YES;
				SDKROOT = iphoneos;
				SWIFT_OPTIMIZATION_LEVEL = "-Onone";
			};
			name = Debug;
		};
		8B354EB61BF73D5700AEBC63 /* Release */ = {
			isa = XCBuildConfiguration;
			buildSettings = {
				ALWAYS_SEARCH_USER_PATHS = NO;
				CLANG_CXX_LANGUAGE_STANDARD = "gnu++0x";
				CLANG_CXX_LIBRARY = "libc++";
				CLANG_ENABLE_MODULES = YES;
				CLANG_ENABLE_OBJC_ARC = YES;
				CLANG_WARN_BOOL_CONVERSION = YES;
				CLANG_WARN_CONSTANT_CONVERSION = YES;
				CLANG_WARN_DIRECT_OBJC_ISA_USAGE = YES_ERROR;
				CLANG_WARN_EMPTY_BODY = YES;
				CLANG_WARN_ENUM_CONVERSION = YES;
				CLANG_WARN_INT_CONVERSION = YES;
				CLANG_WARN_OBJC_ROOT_CLASS = YES_ERROR;
				CLANG_WARN_UNREACHABLE_CODE = YES;
				CLANG_WARN__DUPLICATE_METHOD_MATCH = YES;
				"CODE_SIGN_IDENTITY[sdk=iphoneos*]" = "iPhone Developer";
				COPY_PHASE_STRIP = NO;
				DEBUG_INFORMATION_FORMAT = "dwarf-with-dsym";
				ENABLE_NS_ASSERTIONS = NO;
				ENABLE_STRICT_OBJC_MSGSEND = YES;
				GCC_C_LANGUAGE_STANDARD = gnu99;
				GCC_NO_COMMON_BLOCKS = YES;
				GCC_WARN_64_TO_32_BIT_CONVERSION = YES;
				GCC_WARN_ABOUT_RETURN_TYPE = YES_ERROR;
				GCC_WARN_UNDECLARED_SELECTOR = YES;
				GCC_WARN_UNINITIALIZED_AUTOS = YES_AGGRESSIVE;
				GCC_WARN_UNUSED_FUNCTION = YES;
				GCC_WARN_UNUSED_VARIABLE = YES;
				IPHONEOS_DEPLOYMENT_TARGET = 9.1;
				MTL_ENABLE_DEBUG_INFO = NO;
				SDKROOT = iphoneos;
				VALIDATE_PRODUCT = YES;
			};
			name = Release;
		};
		8B354EB81BF73D5700AEBC63 /* Debug */ = {
			isa = XCBuildConfiguration;
			buildSettings = {
				INFOPLIST_FILE = "AWPizza WatchKit Extension/Info.plist";
				LD_RUNPATH_SEARCH_PATHS = "$(inherited) @executable_path/Frameworks @executable_path/../../Frameworks";
				PRODUCT_BUNDLE_IDENTIFIER = adn.AWPizza.watchkitapp.watchkitextension;
				PRODUCT_NAME = "${TARGET_NAME}";
				SDKROOT = watchos;
				SKIP_INSTALL = YES;
				TARGETED_DEVICE_FAMILY = 4;
				WATCHOS_DEPLOYMENT_TARGET = 2.0;
			};
			name = Debug;
		};
		8B354EB91BF73D5700AEBC63 /* Release */ = {
			isa = XCBuildConfiguration;
			buildSettings = {
				INFOPLIST_FILE = "AWPizza WatchKit Extension/Info.plist";
				LD_RUNPATH_SEARCH_PATHS = "$(inherited) @executable_path/Frameworks @executable_path/../../Frameworks";
				PRODUCT_BUNDLE_IDENTIFIER = adn.AWPizza.watchkitapp.watchkitextension;
				PRODUCT_NAME = "${TARGET_NAME}";
				SDKROOT = watchos;
				SKIP_INSTALL = YES;
				TARGETED_DEVICE_FAMILY = 4;
				WATCHOS_DEPLOYMENT_TARGET = 2.0;
			};
			name = Release;
		};
		8B354EBC1BF73D5700AEBC63 /* Debug */ = {
			isa = XCBuildConfiguration;
			buildSettings = {
				ASSETCATALOG_COMPILER_APPICON_NAME = AppIcon;
				EMBEDDED_CONTENT_CONTAINS_SWIFT = YES;
				IBSC_MODULE = AWPizza_WatchKit_Extension;
				INFOPLIST_FILE = "AWPizza WatchKit App/Info.plist";
				PRODUCT_BUNDLE_IDENTIFIER = adn.AWPizza.watchkitapp;
				PRODUCT_NAME = "$(TARGET_NAME)";
				SDKROOT = watchos;
				SKIP_INSTALL = YES;
				TARGETED_DEVICE_FAMILY = 4;
				WATCHOS_DEPLOYMENT_TARGET = 2.0;
			};
			name = Debug;
		};
		8B354EBD1BF73D5700AEBC63 /* Release */ = {
			isa = XCBuildConfiguration;
			buildSettings = {
				ASSETCATALOG_COMPILER_APPICON_NAME = AppIcon;
				EMBEDDED_CONTENT_CONTAINS_SWIFT = YES;
				IBSC_MODULE = AWPizza_WatchKit_Extension;
				INFOPLIST_FILE = "AWPizza WatchKit App/Info.plist";
				PRODUCT_BUNDLE_IDENTIFIER = adn.AWPizza.watchkitapp;
				PRODUCT_NAME = "$(TARGET_NAME)";
				SDKROOT = watchos;
				SKIP_INSTALL = YES;
				TARGETED_DEVICE_FAMILY = 4;
				WATCHOS_DEPLOYMENT_TARGET = 2.0;
			};
			name = Release;
		};
		8B354EC01BF73D5700AEBC63 /* Debug */ = {
			isa = XCBuildConfiguration;
			buildSettings = {
				ASSETCATALOG_COMPILER_APPICON_NAME = AppIcon;
				INFOPLIST_FILE = AWPizza/Info.plist;
				LD_RUNPATH_SEARCH_PATHS = "$(inherited) @executable_path/Frameworks";
				PRODUCT_BUNDLE_IDENTIFIER = adn.AWPizza;
				PRODUCT_NAME = "$(TARGET_NAME)";
			};
			name = Debug;
		};
		8B354EC11BF73D5700AEBC63 /* Release */ = {
			isa = XCBuildConfiguration;
			buildSettings = {
				ASSETCATALOG_COMPILER_APPICON_NAME = AppIcon;
				INFOPLIST_FILE = AWPizza/Info.plist;
				LD_RUNPATH_SEARCH_PATHS = "$(inherited) @executable_path/Frameworks";
				PRODUCT_BUNDLE_IDENTIFIER = adn.AWPizza;
				PRODUCT_NAME = "$(TARGET_NAME)";
			};
			name = Release;
		};
/* End XCBuildConfiguration section */

/* Begin XCConfigurationList section */
		8B354E831BF73D5700AEBC63 /* Build configuration list for PBXProject "AWPizza" */ = {
			isa = XCConfigurationList;
			buildConfigurations = (
				8B354EB51BF73D5700AEBC63 /* Debug */,
				8B354EB61BF73D5700AEBC63 /* Release */,
			);
			defaultConfigurationIsVisible = 0;
			defaultConfigurationName = Release;
		};
		8B354EB71BF73D5700AEBC63 /* Build configuration list for PBXNativeTarget "AWPizza WatchKit Extension" */ = {
			isa = XCConfigurationList;
			buildConfigurations = (
				8B354EB81BF73D5700AEBC63 /* Debug */,
				8B354EB91BF73D5700AEBC63 /* Release */,
			);
			defaultConfigurationIsVisible = 0;
			defaultConfigurationName = Release;
		};
		8B354EBB1BF73D5700AEBC63 /* Build configuration list for PBXNativeTarget "AWPizza WatchKit App" */ = {
			isa = XCConfigurationList;
			buildConfigurations = (
				8B354EBC1BF73D5700AEBC63 /* Debug */,
				8B354EBD1BF73D5700AEBC63 /* Release */,
			);
			defaultConfigurationIsVisible = 0;
			defaultConfigurationName = Release;
		};
		8B354EBF1BF73D5700AEBC63 /* Build configuration list for PBXNativeTarget "AWPizza" */ = {
			isa = XCConfigurationList;
			buildConfigurations = (
				8B354EC01BF73D5700AEBC63 /* Debug */,
				8B354EC11BF73D5700AEBC63 /* Release */,
			);
			defaultConfigurationIsVisible = 0;
			defaultConfigurationName = Release;
		};
/* End XCConfigurationList section */
	};
	rootObject = 8B354E801BF73D5700AEBC63 /* Project object */;
}
